
Microsoft Visual Studio Solution File, Format Version 12.00
# Visual Studio Version 17
VisualStudioVersion = 17.14.36202.13 d17.14
MinimumVisualStudioVersion = 10.0.40219.1
Project("{FAE04EC0-301F-11D3-BF4B-00C04F79EFBC}") = "MiniAccountManagementSystem", "MiniAccountManagementSystem\MiniAccountManagementSystem.csproj", "{A48A84E5-960B-49C5-8D49-5DFD9F87F135}"
EndProject
Global
	GlobalSection(SolutionConfigurationPlatforms) = preSolution
		Debug|Any CPU = Debug|Any CPU
		Release|Any CPU = Release|Any CPU
	EndGlobalSection
	GlobalSection(ProjectConfigurationPlatforms) = postSolution
		{A48A84E5-960B-49C5-8D49-5DFD9F87F135}.Debug|Any CPU.ActiveCfg = Debug|Any CPU
		{A48A84E5-960B-49C5-8D49-5DFD9F87F135}.Debug|Any CPU.Build.0 = Debug|Any CPU
		{A48A84E5-960B-49C5-8D49-5DFD9F87F135}.Release|Any CPU.ActiveCfg = Release|Any CPU
		{A48A84E5-960B-49C5-8D49-5DFD9F87F135}.Release|Any CPU.Build.0 = Release|Any CPU
	EndGlobalSection
	GlobalSection(SolutionProperties) = preSolution
		HideSolutionNode = FALSE
	EndGlobalSection
	GlobalSection(ExtensibilityGlobals) = postSolution
		SolutionGuid = {2C70A7BC-4F92-4EA3-9CEC-26AF89428D5A}
	EndGlobalSection
EndGlobal
